
Microsoft Visual Studio Solution File, Format Version 12.00
# Visual Studio Version 17
VisualStudioVersion = 17.14.36518.9 d17.14
MinimumVisualStudioVersion = 10.0.40219.1
Project("{FAE04EC0-301F-11D3-BF4B-00C04F79EFBC}") = "chatbot", "chatbot\chatbot.csproj", "{BB40E121-31DE-4D20-B51D-636AFE5ED349}"
EndProject
Global
	GlobalSection(SolutionConfigurationPlatforms) = preSolution
		Debug|Any CPU = Debug|Any CPU
		Release|Any CPU = Release|Any CPU
	EndGlobalSection
	GlobalSection(ProjectConfigurationPlatforms) = postSolution
		{BB40E121-31DE-4D20-B51D-636AFE5ED349}.Debug|Any CPU.ActiveCfg = Debug|Any CPU
		{BB40E121-31DE-4D20-B51D-636AFE5ED349}.Debug|Any CPU.Build.0 = Debug|Any CPU
		{BB40E121-31DE-4D20-B51D-636AFE5ED349}.Release|Any CPU.ActiveCfg = Release|Any CPU
		{BB40E121-31DE-4D20-B51D-636AFE5ED349}.Release|Any CPU.Build.0 = Release|Any CPU
	EndGlobalSection
	GlobalSection(SolutionProperties) = preSolution
		HideSolutionNode = FALSE
	EndGlobalSection
	GlobalSection(ExtensibilityGlobals) = postSolution
		SolutionGuid = {A775FF1E-35F6-4B57-AE5A-675F32A4D766}
	EndGlobalSection
EndGlobal
